
Microsoft Visual Studio Solution File, Format Version 12.00
# Visual Studio Version 16
VisualStudioVersion = 16.0.29806.167
MinimumVisualStudioVersion = 10.0.40219.1
Project("{FAE04EC0-301F-11D3-BF4B-00C04F79EFBC}") = "GPS-Simulator", "GPS-Simulator\GPS-Simulator.csproj", "{0098E810-188D-41D1-A4F6-D17C7CE5E86F}"
EndProject
Global
	GlobalSection(SolutionConfigurationPlatforms) = preSolution
		Debug|Any CPU = Debug|Any CPU
		Release|Any CPU = Release|Any CPU
	EndGlobalSection
	GlobalSection(ProjectConfigurationPlatforms) = postSolution
		{0098E810-188D-41D1-A4F6-D17C7CE5E86F}.Debug|Any CPU.ActiveCfg = Debug|Any CPU
		{0098E810-188D-41D1-A4F6-D17C7CE5E86F}.Debug|Any CPU.Build.0 = Debug|Any CPU
		{0098E810-188D-41D1-A4F6-D17C7CE5E86F}.Release|Any CPU.ActiveCfg = Release|Any CPU
		{0098E810-188D-41D1-A4F6-D17C7CE5E86F}.Release|Any CPU.Build.0 = Release|Any CPU
	EndGlobalSection
	GlobalSection(SolutionProperties) = preSolution
		HideSolutionNode = FALSE
	EndGlobalSection
	GlobalSection(ExtensibilityGlobals) = postSolution
		SolutionGuid = {72462D7B-84E8-4AA3-8039-BB161EB4B5CD}
	EndGlobalSection
EndGlobal
